
Microsoft Visual Studio Solution File, Format Version 12.00
# Visual Studio Version 17
VisualStudioVersion = 17.7.34221.43
MinimumVisualStudioVersion = 10.0.40219.1
Project("{2150E333-8FDC-42A3-9474-1A3956D46DE8}") = "01 Web", "01 Web", "{CC4EDCFF-6814-492B-B6E3-A9292736780E}"
EndProject
Project("{2150E333-8FDC-42A3-9474-1A3956D46DE8}") = "02 Service", "02 Service", "{EDD3BB26-9B09-4A74-9612-C4E5577F034F}"
EndProject
Project("{2150E333-8FDC-42A3-9474-1A3956D46DE8}") = "03 Logic", "03 Logic", "{4FD0FBF9-2DDB-4F2A-AB17-6FCEACC14E16}"
EndProject
Project("{2150E333-8FDC-42A3-9474-1A3956D46DE8}") = "04 Data", "04 Data", "{DC3F6156-3E31-43E2-B792-993CB81FA2A4}"
EndProject
Project("{2150E333-8FDC-42A3-9474-1A3956D46DE8}") = "05 Shared", "05 Shared", "{C616BBF8-9209-4C02-8875-BD4B2221C8E6}"
EndProject
Project("{9A19103F-16F7-4668-BE54-9A1E7A4F7556}") = "Web.Core", "Web.Core\Web.Core.csproj", "{A214DDB7-242D-4D3B-A789-74CE0D73287C}"
EndProject
Project("{FAE04EC0-301F-11D3-BF4B-00C04F79EFBC}") = "Data.Database", "Data.Database\Data.Database.csproj", "{3C529086-94D5-45E0-8B1B-90710D699932}"
EndProject
Project("{FAE04EC0-301F-11D3-BF4B-00C04F79EFBC}") = "Data.Entities", "Data.Entities\Data.Entities.csproj", "{BB0C048B-142F-4C77-9F1B-E63D1C14F4B9}"
EndProject
Project("{FAE04EC0-301F-11D3-BF4B-00C04F79EFBC}") = "Logic.Shared", "Logic.Shared\Logic.Shared.csproj", "{9EEC7D5E-1146-4003-ABE7-DD8F15C9170A}"
EndProject
Project("{FAE04EC0-301F-11D3-BF4B-00C04F79EFBC}") = "Data.Models", "Data.Models\Data.Models.csproj", "{F5B9DB6F-1D51-45E1-985A-4CC5D69668CB}"
EndProject
Project("{FAE04EC0-301F-11D3-BF4B-00C04F79EFBC}") = "Data.Shared", "Data.Shared\Data.Shared.csproj", "{C21F3176-8CF0-4CE5-A82C-3F9FA9C48C67}"
EndProject
Project("{FAE04EC0-301F-11D3-BF4B-00C04F79EFBC}") = "Logic.Measurement", "Logic.Measurement\Logic.Measurement.csproj", "{056653DA-44CD-463A-BA40-A0E18C575F22}"
EndProject
Global
	GlobalSection(SolutionConfigurationPlatforms) = preSolution
		Debug|Any CPU = Debug|Any CPU
		Release|Any CPU = Release|Any CPU
	EndGlobalSection
	GlobalSection(ProjectConfigurationPlatforms) = postSolution
		{A214DDB7-242D-4D3B-A789-74CE0D73287C}.Debug|Any CPU.ActiveCfg = Debug|Any CPU
		{A214DDB7-242D-4D3B-A789-74CE0D73287C}.Debug|Any CPU.Build.0 = Debug|Any CPU
		{A214DDB7-242D-4D3B-A789-74CE0D73287C}.Release|Any CPU.ActiveCfg = Release|Any CPU
		{A214DDB7-242D-4D3B-A789-74CE0D73287C}.Release|Any CPU.Build.0 = Release|Any CPU
		{3C529086-94D5-45E0-8B1B-90710D699932}.Debug|Any CPU.ActiveCfg = Debug|Any CPU
		{3C529086-94D5-45E0-8B1B-90710D699932}.Debug|Any CPU.Build.0 = Debug|Any CPU
		{3C529086-94D5-45E0-8B1B-90710D699932}.Release|Any CPU.ActiveCfg = Release|Any CPU
		{3C529086-94D5-45E0-8B1B-90710D699932}.Release|Any CPU.Build.0 = Release|Any CPU
		{BB0C048B-142F-4C77-9F1B-E63D1C14F4B9}.Debug|Any CPU.ActiveCfg = Debug|Any CPU
		{BB0C048B-142F-4C77-9F1B-E63D1C14F4B9}.Debug|Any CPU.Build.0 = Debug|Any CPU
		{BB0C048B-142F-4C77-9F1B-E63D1C14F4B9}.Release|Any CPU.ActiveCfg = Release|Any CPU
		{BB0C048B-142F-4C77-9F1B-E63D1C14F4B9}.Release|Any CPU.Build.0 = Release|Any CPU
		{9EEC7D5E-1146-4003-ABE7-DD8F15C9170A}.Debug|Any CPU.ActiveCfg = Debug|Any CPU
		{9EEC7D5E-1146-4003-ABE7-DD8F15C9170A}.Debug|Any CPU.Build.0 = Debug|Any CPU
		{9EEC7D5E-1146-4003-ABE7-DD8F15C9170A}.Release|Any CPU.ActiveCfg = Release|Any CPU
		{9EEC7D5E-1146-4003-ABE7-DD8F15C9170A}.Release|Any CPU.Build.0 = Release|Any CPU
		{F5B9DB6F-1D51-45E1-985A-4CC5D69668CB}.Debug|Any CPU.ActiveCfg = Debug|Any CPU
		{F5B9DB6F-1D51-45E1-985A-4CC5D69668CB}.Debug|Any CPU.Build.0 = Debug|Any CPU
		{F5B9DB6F-1D51-45E1-985A-4CC5D69668CB}.Release|Any CPU.ActiveCfg = Release|Any CPU
		{F5B9DB6F-1D51-45E1-985A-4CC5D69668CB}.Release|Any CPU.Build.0 = Release|Any CPU
		{C21F3176-8CF0-4CE5-A82C-3F9FA9C48C67}.Debug|Any CPU.ActiveCfg = Debug|Any CPU
		{C21F3176-8CF0-4CE5-A82C-3F9FA9C48C67}.Debug|Any CPU.Build.0 = Debug|Any CPU
		{C21F3176-8CF0-4CE5-A82C-3F9FA9C48C67}.Release|Any CPU.ActiveCfg = Release|Any CPU
		{C21F3176-8CF0-4CE5-A82C-3F9FA9C48C67}.Release|Any CPU.Build.0 = Release|Any CPU
		{056653DA-44CD-463A-BA40-A0E18C575F22}.Debug|Any CPU.ActiveCfg = Debug|Any CPU
		{056653DA-44CD-463A-BA40-A0E18C575F22}.Debug|Any CPU.Build.0 = Debug|Any CPU
		{056653DA-44CD-463A-BA40-A0E18C575F22}.Release|Any CPU.ActiveCfg = Release|Any CPU
		{056653DA-44CD-463A-BA40-A0E18C575F22}.Release|Any CPU.Build.0 = Release|Any CPU
	EndGlobalSection
	GlobalSection(SolutionProperties) = preSolution
		HideSolutionNode = FALSE
	EndGlobalSection
	GlobalSection(NestedProjects) = preSolution
		{A214DDB7-242D-4D3B-A789-74CE0D73287C} = {CC4EDCFF-6814-492B-B6E3-A9292736780E}
		{3C529086-94D5-45E0-8B1B-90710D699932} = {DC3F6156-3E31-43E2-B792-993CB81FA2A4}
		{BB0C048B-142F-4C77-9F1B-E63D1C14F4B9} = {DC3F6156-3E31-43E2-B792-993CB81FA2A4}
		{9EEC7D5E-1146-4003-ABE7-DD8F15C9170A} = {4FD0FBF9-2DDB-4F2A-AB17-6FCEACC14E16}
		{F5B9DB6F-1D51-45E1-985A-4CC5D69668CB} = {DC3F6156-3E31-43E2-B792-993CB81FA2A4}
		{C21F3176-8CF0-4CE5-A82C-3F9FA9C48C67} = {DC3F6156-3E31-43E2-B792-993CB81FA2A4}
		{056653DA-44CD-463A-BA40-A0E18C575F22} = {4FD0FBF9-2DDB-4F2A-AB17-6FCEACC14E16}
	EndGlobalSection
	GlobalSection(ExtensibilityGlobals) = postSolution
		SolutionGuid = {DDB9C9B7-B8EF-4F21-B299-365C616129C8}
	EndGlobalSection
EndGlobal
